
Microsoft Visual Studio Solution File, Format Version 12.00
# Visual Studio Version 17
VisualStudioVersion = 17.4.33205.214
MinimumVisualStudioVersion = 10.0.40219.1
Project("{8BC9CEB8-8B4A-11D0-8D11-00A0C91BC942}") = "TdGameClient", "TdGame\TdGame.vcxproj", "{CF4E1BB7-4C01-491F-B179-A22089C70F6B}"
EndProject
Project("{8BC9CEB8-8B4A-11D0-8D11-00A0C91BC942}") = "Demo", "Demo\Demo.vcxproj", "{FF4031AB-5161-427C-889E-860E6C076BEC}"
EndProject
Project("{8BC9CEB8-8B4A-11D0-8D11-00A0C91BC942}") = "Editor", "Editor\editor.vcxproj", "{D878F241-A227-4BFB-8C49-D3FEA53E4828}"
EndProject
Project("{54435603-DBB4-11D2-8724-00A0C9A8B90C}") = "Setup1", "Setup1\Setup1.vdproj", "{2C88A00C-214F-4080-B0F0-66F1AD7CDE48}"
EndProject
Project("{8BC9CEB8-8B4A-11D0-8D11-00A0C91BC942}") = "Server", "server\server.vcxproj", "{F838E20A-A2A2-49B6-8C34-477E8B0ABFD2}"
EndProject
Project("{54435603-DBB4-11D2-8724-00A0C9A8B90C}") = "Setup2", "Setup2\Setup2.vdproj", "{657E2043-FDBC-F1DC-4CD9-351906DA97D6}"
EndProject
Global
	GlobalSection(SolutionConfigurationPlatforms) = preSolution
		Debug|x64 = Debug|x64
		Debug|x86 = Debug|x86
		Release|x64 = Release|x64
		Release|x86 = Release|x86
	EndGlobalSection
	GlobalSection(ProjectConfigurationPlatforms) = postSolution
		{CF4E1BB7-4C01-491F-B179-A22089C70F6B}.Debug|x64.ActiveCfg = Debug|x64
		{CF4E1BB7-4C01-491F-B179-A22089C70F6B}.Debug|x64.Build.0 = Debug|x64
		{CF4E1BB7-4C01-491F-B179-A22089C70F6B}.Debug|x86.ActiveCfg = Debug|Win32
		{CF4E1BB7-4C01-491F-B179-A22089C70F6B}.Debug|x86.Build.0 = Debug|Win32
		{CF4E1BB7-4C01-491F-B179-A22089C70F6B}.Release|x64.ActiveCfg = Release|x64
		{CF4E1BB7-4C01-491F-B179-A22089C70F6B}.Release|x64.Build.0 = Release|x64
		{CF4E1BB7-4C01-491F-B179-A22089C70F6B}.Release|x86.ActiveCfg = Release|Win32
		{CF4E1BB7-4C01-491F-B179-A22089C70F6B}.Release|x86.Build.0 = Release|Win32
		{FF4031AB-5161-427C-889E-860E6C076BEC}.Debug|x64.ActiveCfg = Debug|x64
		{FF4031AB-5161-427C-889E-860E6C076BEC}.Debug|x64.Build.0 = Debug|x64
		{FF4031AB-5161-427C-889E-860E6C076BEC}.Debug|x86.ActiveCfg = Debug|Win32
		{FF4031AB-5161-427C-889E-860E6C076BEC}.Debug|x86.Build.0 = Debug|Win32
		{FF4031AB-5161-427C-889E-860E6C076BEC}.Release|x64.ActiveCfg = Release|x64
		{FF4031AB-5161-427C-889E-860E6C076BEC}.Release|x64.Build.0 = Release|x64
		{FF4031AB-5161-427C-889E-860E6C076BEC}.Release|x86.ActiveCfg = Release|Win32
		{FF4031AB-5161-427C-889E-860E6C076BEC}.Release|x86.Build.0 = Release|Win32
		{D878F241-A227-4BFB-8C49-D3FEA53E4828}.Debug|x64.ActiveCfg = Debug|x64
		{D878F241-A227-4BFB-8C49-D3FEA53E4828}.Debug|x64.Build.0 = Debug|x64
		{D878F241-A227-4BFB-8C49-D3FEA53E4828}.Debug|x86.ActiveCfg = Debug|Win32
		{D878F241-A227-4BFB-8C49-D3FEA53E4828}.Debug|x86.Build.0 = Debug|Win32
		{D878F241-A227-4BFB-8C49-D3FEA53E4828}.Release|x64.ActiveCfg = Release|x64
		{D878F241-A227-4BFB-8C49-D3FEA53E4828}.Release|x64.Build.0 = Release|x64
		{D878F241-A227-4BFB-8C49-D3FEA53E4828}.Release|x86.ActiveCfg = Release|Win32
		{D878F241-A227-4BFB-8C49-D3FEA53E4828}.Release|x86.Build.0 = Release|Win32
		{2C88A00C-214F-4080-B0F0-66F1AD7CDE48}.Debug|x64.ActiveCfg = Debug
		{2C88A00C-214F-4080-B0F0-66F1AD7CDE48}.Debug|x86.ActiveCfg = Debug
		{2C88A00C-214F-4080-B0F0-66F1AD7CDE48}.Release|x64.ActiveCfg = Release
		{2C88A00C-214F-4080-B0F0-66F1AD7CDE48}.Release|x86.ActiveCfg = Release
		{F838E20A-A2A2-49B6-8C34-477E8B0ABFD2}.Debug|x64.ActiveCfg = Debug|x64
		{F838E20A-A2A2-49B6-8C34-477E8B0ABFD2}.Debug|x64.Build.0 = Debug|x64
		{F838E20A-A2A2-49B6-8C34-477E8B0ABFD2}.Debug|x86.ActiveCfg = Debug|Win32
		{F838E20A-A2A2-49B6-8C34-477E8B0ABFD2}.Debug|x86.Build.0 = Debug|Win32
		{F838E20A-A2A2-49B6-8C34-477E8B0ABFD2}.Release|x64.ActiveCfg = Release|x64
		{F838E20A-A2A2-49B6-8C34-477E8B0ABFD2}.Release|x64.Build.0 = Release|x64
		{F838E20A-A2A2-49B6-8C34-477E8B0ABFD2}.Release|x86.ActiveCfg = Release|Win32
		{F838E20A-A2A2-49B6-8C34-477E8B0ABFD2}.Release|x86.Build.0 = Release|Win32
		{657E2043-FDBC-F1DC-4CD9-351906DA97D6}.Debug|x64.ActiveCfg = Debug
		{657E2043-FDBC-F1DC-4CD9-351906DA97D6}.Debug|x86.ActiveCfg = Debug
		{657E2043-FDBC-F1DC-4CD9-351906DA97D6}.Release|x64.ActiveCfg = Release
		{657E2043-FDBC-F1DC-4CD9-351906DA97D6}.Release|x86.ActiveCfg = Release
	EndGlobalSection
	GlobalSection(SolutionProperties) = preSolution
		HideSolutionNode = FALSE
	EndGlobalSection
	GlobalSection(ExtensibilityGlobals) = postSolution
		SolutionGuid = {D80E408A-76D0-48F4-8A06-7D60DBF786FE}
	EndGlobalSection
EndGlobal
